
Microsoft Visual Studio Solution File, Format Version 12.00
# Visual Studio Version 17
VisualStudioVersion = 17.3.32929.385
MinimumVisualStudioVersion = 10.0.40219.1
Project("{FAE04EC0-301F-11D3-BF4B-00C04F79EFBC}") = "WebApplication1", "WebApplication1\WebApplication1.csproj", "{E163C02B-2E70-4A4B-BE73-78957F58F690}"
EndProject
Global
	GlobalSection(SolutionConfigurationPlatforms) = preSolution
		Debug|Any CPU = Debug|Any CPU
		Release|Any CPU = Release|Any CPU
	EndGlobalSection
	GlobalSection(ProjectConfigurationPlatforms) = postSolution
		{E163C02B-2E70-4A4B-BE73-78957F58F690}.Debug|Any CPU.ActiveCfg = Debug|Any CPU
		{E163C02B-2E70-4A4B-BE73-78957F58F690}.Debug|Any CPU.Build.0 = Debug|Any CPU
		{E163C02B-2E70-4A4B-BE73-78957F58F690}.Release|Any CPU.ActiveCfg = Release|Any CPU
		{E163C02B-2E70-4A4B-BE73-78957F58F690}.Release|Any CPU.Build.0 = Release|Any CPU
	EndGlobalSection
	GlobalSection(SolutionProperties) = preSolution
		HideSolutionNode = FALSE
	EndGlobalSection
	GlobalSection(ExtensibilityGlobals) = postSolution
		SolutionGuid = {B8CBFB8A-E30B-4AB1-AFFF-62FBA8A00B8B}
	EndGlobalSection
EndGlobal
